
Microsoft Visual Studio Solution File, Format Version 12.00
# Visual Studio Version 17
VisualStudioVersion = 17.5.002.0
MinimumVisualStudioVersion = 10.0.40219.1
Project("{9A19103F-16F7-4668-BE54-9A1E7A4F7556}") = "auth", "auth.csproj", "{F269C020-E4D3-4A58-97A8-6B869F8DB014}"
EndProject
Global
	GlobalSection(SolutionConfigurationPlatforms) = preSolution
		Debug|Any CPU = Debug|Any CPU
		Release|Any CPU = Release|Any CPU
	EndGlobalSection
	GlobalSection(ProjectConfigurationPlatforms) = postSolution
		{F269C020-E4D3-4A58-97A8-6B869F8DB014}.Debug|Any CPU.ActiveCfg = Debug|Any CPU
		{F269C020-E4D3-4A58-97A8-6B869F8DB014}.Debug|Any CPU.Build.0 = Debug|Any CPU
		{F269C020-E4D3-4A58-97A8-6B869F8DB014}.Release|Any CPU.ActiveCfg = Release|Any CPU
		{F269C020-E4D3-4A58-97A8-6B869F8DB014}.Release|Any CPU.Build.0 = Release|Any CPU
	EndGlobalSection
	GlobalSection(SolutionProperties) = preSolution
		HideSolutionNode = FALSE
	EndGlobalSection
	GlobalSection(ExtensibilityGlobals) = postSolution
		SolutionGuid = {650E34E1-7532-4BB0-AB4F-F43F9D183D74}
	EndGlobalSection
EndGlobal
